{
  "name": "@agusher21/sweet_tea",
  "version": "1.0.0",
  "lockfileVersion": 3,
  "requires": true,
  "packages": {
    "": {
      "name": "@agusher21/sweet_tea",
      "version": "1.0.0",
      "license": "ISC",
      "dependencies": {
        "sweet_tea": "^1.0.0"
      },
      "devDependencies": {}
    },
    "node_modules/sweet_tea": {
      "version": "1.0.0",
      "resolved": "https://registry.npmjs.org/sweet_tea/-/sweet_tea-1.0.0.tgz",
      "integrity": "sha512-PCGu2y34LsXMgNf/V/gCG+Mt50byJrgqXB/y9xBMj0OrHAmyc8Mpl6FoZxvGP8xYTj+8GwacCYisIWCVG4vh+Q=="
    }
  }
}
